github.com/davecgh/go-spew v1.1.1 h1:vj9j/u1bqnvCEfJOwUhtlOARqs3+rkHYY13jYWTU97c=
github.com/pkg/errors v0.9.1 h1:FEBLx1zS214owpjy7qsBeixbURkuhQAwrK5UwLGTwt4=
github.com/pkg/errors v0.9.1/go.mod h1:bwawxfHBFNV+L2hUp1rHADufV3IMtnDRdf1r5NINEl0=
github.com/pmezard/go-difflib v1.0.0 h1:4DBwDE0NGyQoBHbLQYPwSUPoCMWR5BEzIk/f1lZbAQM=
github.com/projectdiscovery/blackrock v0.0.0-20210415162320-b38689ae3a2e h1:7bwaFH1jvtOo5ndhTQgoA349ozhX+1dc4b6tbaPnBOA=
github.com/projectdiscovery/blackrock v0.0.0-20210415162320-b38689ae3a2e/go.mod h1:/IsapnEYiWG+yEDPXp0e8NWj3npzB9Ccy9lXEUJwMZs=
github.com/projectdiscovery/mapcidr v1.0.0 h1:4ctYAgkxaLeky3o3c+qMgHoUjytYy6DME2fjbgiB1Ag=
github.com/projectdiscovery/mapcidr v1.0.0/go.mod h1:5QkKrV6rNQQurCZI3nNedFsAOYp04mRDkC5yht+znYA=
github.com/stretchr/testify v1.7.2 h1:4jaiDzPyXQvSd7D0EjG45355tLlV3VOECpq10pLC+8s=
github.com/thinkeridea/go-extend v1.3.2 h1:0ZImRXpJc+wBNIrNEMbTuKwIvJ6eFoeuNAewvzONrI0=
github.com/thinkeridea/go-extend v1.3.2/go.mod h1:xqN1e3y1PdVSij1VZp6iPKlO8I4jLbS8CUuTySj981g=
gopkg.in/yaml.v3 v3.0.1 h1:fxVm/GzAzEWqLHuvctI91KS9hhNmmWOoWu0XTYJS7CA=
